
Microsoft Visual Studio Solution File, Format Version 12.00
# Visual Studio Version 16
VisualStudioVersion = 16.0.30413.136
MinimumVisualStudioVersion = 10.0.40219.1
Project("{8BC9CEB8-8B4A-11D0-8D11-00A0C91BC942}") = "Weekly2ex4", "Weekly2ex4\Weekly2ex4.vcxproj", "{FBA9211C-8682-4D5F-AF14-85E25D3DA96A}"
EndProject
Global
	GlobalSection(SolutionConfigurationPlatforms) = preSolution
		Debug|x64 = Debug|x64
		Debug|x86 = Debug|x86
		Release|x64 = Release|x64
		Release|x86 = Release|x86
	EndGlobalSection
	GlobalSection(ProjectConfigurationPlatforms) = postSolution
		{FBA9211C-8682-4D5F-AF14-85E25D3DA96A}.Debug|x64.ActiveCfg = Debug|x64
		{FBA9211C-8682-4D5F-AF14-85E25D3DA96A}.Debug|x64.Build.0 = Debug|x64
		{FBA9211C-8682-4D5F-AF14-85E25D3DA96A}.Debug|x86.ActiveCfg = Debug|Win32
		{FBA9211C-8682-4D5F-AF14-85E25D3DA96A}.Debug|x86.Build.0 = Debug|Win32
		{FBA9211C-8682-4D5F-AF14-85E25D3DA96A}.Release|x64.ActiveCfg = Release|x64
		{FBA9211C-8682-4D5F-AF14-85E25D3DA96A}.Release|x64.Build.0 = Release|x64
		{FBA9211C-8682-4D5F-AF14-85E25D3DA96A}.Release|x86.ActiveCfg = Release|Win32
		{FBA9211C-8682-4D5F-AF14-85E25D3DA96A}.Release|x86.Build.0 = Release|Win32
	EndGlobalSection
	GlobalSection(SolutionProperties) = preSolution
		HideSolutionNode = FALSE
	EndGlobalSection
	GlobalSection(ExtensibilityGlobals) = postSolution
		SolutionGuid = {7BF9CC5E-6C45-4012-BE14-ED00F389F343}
	EndGlobalSection
EndGlobal
